
Microsoft Visual Studio Solution File, Format Version 12.00
# Visual Studio 15
VisualStudioVersion = 15.0.28307.168
MinimumVisualStudioVersion = 10.0.40219.1
Project("{9092AA53-FB77-4645-B42D-1CCCA6BD08BD}") = "StudioGhibLiApi", "WebAppExam\StudioGhibLiApi.njsproj", "{24C5858F-8C18-4B83-B148-6ABE6C5DB55C}"
EndProject
Global
	GlobalSection(SolutionConfigurationPlatforms) = preSolution
		Debug|Any CPU = Debug|Any CPU
		Release|Any CPU = Release|Any CPU
	EndGlobalSection
	GlobalSection(ProjectConfigurationPlatforms) = postSolution
		{24C5858F-8C18-4B83-B148-6ABE6C5DB55C}.Debug|Any CPU.ActiveCfg = Debug|Any CPU
		{24C5858F-8C18-4B83-B148-6ABE6C5DB55C}.Debug|Any CPU.Build.0 = Debug|Any CPU
		{24C5858F-8C18-4B83-B148-6ABE6C5DB55C}.Release|Any CPU.ActiveCfg = Release|Any CPU
		{24C5858F-8C18-4B83-B148-6ABE6C5DB55C}.Release|Any CPU.Build.0 = Release|Any CPU
	EndGlobalSection
	GlobalSection(SolutionProperties) = preSolution
		HideSolutionNode = FALSE
	EndGlobalSection
	GlobalSection(ExtensibilityGlobals) = postSolution
		SolutionGuid = {6DE7F82E-B6CB-4178-8CE0-470617A4B63D}
	EndGlobalSection
EndGlobal
